
Microsoft Visual Studio Solution File, Format Version 12.00
# Visual Studio Version 16
VisualStudioVersion = 16.0.31702.278
MinimumVisualStudioVersion = 10.0.40219.1
Project("{FAE04EC0-301F-11D3-BF4B-00C04F79EFBC}") = "CustomControls", "CustomControls.csproj", "{43188D49-B614-4BE5-8F44-58FEDFBDF122}"
EndProject
Project("{FAE04EC0-301F-11D3-BF4B-00C04F79EFBC}") = "TestForm", "..\TestForm\TestForm.csproj", "{BEB8495D-E792-4714-BB74-BD683CACA185}"
EndProject
Global
	GlobalSection(SolutionConfigurationPlatforms) = preSolution
		Debug|Any CPU = Debug|Any CPU
		Release|Any CPU = Release|Any CPU
	EndGlobalSection
	GlobalSection(ProjectConfigurationPlatforms) = postSolution
		{43188D49-B614-4BE5-8F44-58FEDFBDF122}.Debug|Any CPU.ActiveCfg = Debug|Any CPU
		{43188D49-B614-4BE5-8F44-58FEDFBDF122}.Debug|Any CPU.Build.0 = Debug|Any CPU
		{43188D49-B614-4BE5-8F44-58FEDFBDF122}.Release|Any CPU.ActiveCfg = Release|Any CPU
		{43188D49-B614-4BE5-8F44-58FEDFBDF122}.Release|Any CPU.Build.0 = Release|Any CPU
		{BEB8495D-E792-4714-BB74-BD683CACA185}.Debug|Any CPU.ActiveCfg = Debug|Any CPU
		{BEB8495D-E792-4714-BB74-BD683CACA185}.Debug|Any CPU.Build.0 = Debug|Any CPU
		{BEB8495D-E792-4714-BB74-BD683CACA185}.Release|Any CPU.ActiveCfg = Release|Any CPU
		{BEB8495D-E792-4714-BB74-BD683CACA185}.Release|Any CPU.Build.0 = Release|Any CPU
	EndGlobalSection
	GlobalSection(SolutionProperties) = preSolution
		HideSolutionNode = FALSE
	EndGlobalSection
	GlobalSection(ExtensibilityGlobals) = postSolution
		SolutionGuid = {E3D7123A-5CE3-4E4B-9B57-1AE49DD6E5E7}
	EndGlobalSection
EndGlobal
